
Microsoft Visual Studio Solution File, Format Version 12.00
# Visual Studio Version 17
VisualStudioVersion = 17.10.35027.167
MinimumVisualStudioVersion = 10.0.40219.1
Project("{9A19103F-16F7-4668-BE54-9A1E7A4F7556}") = "SalesWeb.Server", "SalesWeb.Server\SalesWeb.Server.csproj", "{7B959E6A-5747-4BB0-826A-D4938B54D68A}"
EndProject
Project("{54A90642-561A-4BB1-A94E-469ADEE60C69}") = "salesweb.client", "salesweb.client\salesweb.client.esproj", "{9F62E130-A5CA-495C-A53D-72062FF987D6}"
EndProject
Project("{FAE04EC0-301F-11D3-BF4B-00C04F79EFBC}") = "SalesWeb.Tests", "SalesWeb.Tests\SalesWeb.Tests.csproj", "{2A466A04-A57A-4D8B-BA3D-69F500A92A56}"
EndProject
Global
	GlobalSection(SolutionConfigurationPlatforms) = preSolution
		Debug|Any CPU = Debug|Any CPU
		Release|Any CPU = Release|Any CPU
	EndGlobalSection
	GlobalSection(ProjectConfigurationPlatforms) = postSolution
		{7B959E6A-5747-4BB0-826A-D4938B54D68A}.Debug|Any CPU.ActiveCfg = Debug|Any CPU
		{7B959E6A-5747-4BB0-826A-D4938B54D68A}.Debug|Any CPU.Build.0 = Debug|Any CPU
		{7B959E6A-5747-4BB0-826A-D4938B54D68A}.Release|Any CPU.ActiveCfg = Release|Any CPU
		{7B959E6A-5747-4BB0-826A-D4938B54D68A}.Release|Any CPU.Build.0 = Release|Any CPU
		{9F62E130-A5CA-495C-A53D-72062FF987D6}.Debug|Any CPU.ActiveCfg = Debug|Any CPU
		{9F62E130-A5CA-495C-A53D-72062FF987D6}.Debug|Any CPU.Build.0 = Debug|Any CPU
		{9F62E130-A5CA-495C-A53D-72062FF987D6}.Debug|Any CPU.Deploy.0 = Debug|Any CPU
		{9F62E130-A5CA-495C-A53D-72062FF987D6}.Release|Any CPU.ActiveCfg = Release|Any CPU
		{9F62E130-A5CA-495C-A53D-72062FF987D6}.Release|Any CPU.Build.0 = Release|Any CPU
		{9F62E130-A5CA-495C-A53D-72062FF987D6}.Release|Any CPU.Deploy.0 = Release|Any CPU
		{2A466A04-A57A-4D8B-BA3D-69F500A92A56}.Debug|Any CPU.ActiveCfg = Debug|Any CPU
		{2A466A04-A57A-4D8B-BA3D-69F500A92A56}.Debug|Any CPU.Build.0 = Debug|Any CPU
		{2A466A04-A57A-4D8B-BA3D-69F500A92A56}.Release|Any CPU.ActiveCfg = Release|Any CPU
		{2A466A04-A57A-4D8B-BA3D-69F500A92A56}.Release|Any CPU.Build.0 = Release|Any CPU
	EndGlobalSection
	GlobalSection(SolutionProperties) = preSolution
		HideSolutionNode = FALSE
	EndGlobalSection
	GlobalSection(ExtensibilityGlobals) = postSolution
		SolutionGuid = {FC10BE9F-1DB9-42BD-BE6C-96B852418297}
	EndGlobalSection
EndGlobal
